
Microsoft Visual Studio Solution File, Format Version 12.00
Project("{FAE04EC0-301F-11D3-BF4B-00C04F79EFBC}") = "ClinicAPI", "ClinicAPI\ClinicAPI.csproj", "{11D1CD7C-D0A1-4C73-A259-2521F0D59959}"
EndProject
Project("{FAE04EC0-301F-11D3-BF4B-00C04F79EFBC}") = "Domain", "Domain\Domain.csproj", "{C28F8C9D-9B2F-4AD4-B57A-1E2082DA7C57}"
EndProject
Project("{FAE04EC0-301F-11D3-BF4B-00C04F79EFBC}") = "Infrastructure", "Infrastructure\Infrastructure.csproj", "{7221ADFE-963D-4E6F-BADA-080CE9AE84D2}"
EndProject
Project("{FAE04EC0-301F-11D3-BF4B-00C04F79EFBC}") = "Application", "Application\Application.csproj", "{751F8FE1-E93A-4195-B990-28CA34D5A4AF}"
EndProject
Project("{FAE04EC0-301F-11D3-BF4B-00C04F79EFBC}") = "Utils", "Utils\Utils.csproj", "{878D116F-A3B0-4A48-8267-A0A0F1C77F2B}"
EndProject
Global
	GlobalSection(SolutionConfigurationPlatforms) = preSolution
		Debug|Any CPU = Debug|Any CPU
		Release|Any CPU = Release|Any CPU
	EndGlobalSection
	GlobalSection(ProjectConfigurationPlatforms) = postSolution
		{11D1CD7C-D0A1-4C73-A259-2521F0D59959}.Debug|Any CPU.ActiveCfg = Debug|Any CPU
		{11D1CD7C-D0A1-4C73-A259-2521F0D59959}.Debug|Any CPU.Build.0 = Debug|Any CPU
		{11D1CD7C-D0A1-4C73-A259-2521F0D59959}.Release|Any CPU.ActiveCfg = Release|Any CPU
		{11D1CD7C-D0A1-4C73-A259-2521F0D59959}.Release|Any CPU.Build.0 = Release|Any CPU
		{C28F8C9D-9B2F-4AD4-B57A-1E2082DA7C57}.Debug|Any CPU.ActiveCfg = Debug|Any CPU
		{C28F8C9D-9B2F-4AD4-B57A-1E2082DA7C57}.Debug|Any CPU.Build.0 = Debug|Any CPU
		{C28F8C9D-9B2F-4AD4-B57A-1E2082DA7C57}.Release|Any CPU.ActiveCfg = Release|Any CPU
		{C28F8C9D-9B2F-4AD4-B57A-1E2082DA7C57}.Release|Any CPU.Build.0 = Release|Any CPU
		{7221ADFE-963D-4E6F-BADA-080CE9AE84D2}.Debug|Any CPU.ActiveCfg = Debug|Any CPU
		{7221ADFE-963D-4E6F-BADA-080CE9AE84D2}.Debug|Any CPU.Build.0 = Debug|Any CPU
		{7221ADFE-963D-4E6F-BADA-080CE9AE84D2}.Release|Any CPU.ActiveCfg = Release|Any CPU
		{7221ADFE-963D-4E6F-BADA-080CE9AE84D2}.Release|Any CPU.Build.0 = Release|Any CPU
		{751F8FE1-E93A-4195-B990-28CA34D5A4AF}.Debug|Any CPU.ActiveCfg = Debug|Any CPU
		{751F8FE1-E93A-4195-B990-28CA34D5A4AF}.Debug|Any CPU.Build.0 = Debug|Any CPU
		{751F8FE1-E93A-4195-B990-28CA34D5A4AF}.Release|Any CPU.ActiveCfg = Release|Any CPU
		{751F8FE1-E93A-4195-B990-28CA34D5A4AF}.Release|Any CPU.Build.0 = Release|Any CPU
		{878D116F-A3B0-4A48-8267-A0A0F1C77F2B}.Debug|Any CPU.ActiveCfg = Debug|Any CPU
		{878D116F-A3B0-4A48-8267-A0A0F1C77F2B}.Debug|Any CPU.Build.0 = Debug|Any CPU
		{878D116F-A3B0-4A48-8267-A0A0F1C77F2B}.Release|Any CPU.ActiveCfg = Release|Any CPU
		{878D116F-A3B0-4A48-8267-A0A0F1C77F2B}.Release|Any CPU.Build.0 = Release|Any CPU
	EndGlobalSection
EndGlobal
